// !$*UTF8*$!
{
	archiveVersion = 1;
	classes = {
	};
	objectVersion = 50;
	objects = {

/* Begin PBXBuildFile section */
		5702975A22154218000F7EA6 /* Runner.mp4 in Resources */ = {isa = PBXBuildFile; fileRef = 5702975922154218000F7EA6 /* Runner.mp4 */; };
		574237F22218972800169C01 /* welcomeProfile.swift in Sources */ = {isa = PBXBuildFile; fileRef = 574237F12218972800169C01 /* welcomeProfile.swift */; };
		574237F422189EC600169C01 /* Gif.swift in Sources */ = {isa = PBXBuildFile; fileRef = 574237F322189EC600169C01 /* Gif.swift */; };
		574237FA2218A35700169C01 /* welcomeCartoon.gif in Resources */ = {isa = PBXBuildFile; fileRef = 574237F92218A35700169C01 /* welcomeCartoon.gif */; };
		57631F0722196B0400AB54BF /* WelcomeRun.json in Resources */ = {isa = PBXBuildFile; fileRef = 57631F0622196B0400AB54BF /* WelcomeRun.json */; };
		5777D10A221B06170015FF9C /* runViewController.swift in Sources */ = {isa = PBXBuildFile; fileRef = 5777D109221B06170015FF9C /* runViewController.swift */; };
		577BB399221AD4D400E67D47 /* textField.swift in Sources */ = {isa = PBXBuildFile; fileRef = 577BB398221AD4D400E67D47 /* textField.swift */; };
		57B1BE9D221861FB00A457AA /* Assets.xcassets in Resources */ = {isa = PBXBuildFile; fileRef = 57B1BE9C221861FA00A457AA /* Assets.xcassets */; };
		57FBDC302214773A00749E2E /* AppDelegate.swift in Sources */ = {isa = PBXBuildFile; fileRef = 57FBDC2F2214773A00749E2E /* AppDelegate.swift */; };
		57FBDC352214773A00749E2E /* Main.storyboard in Resources */ = {isa = PBXBuildFile; fileRef = 57FBDC332214773A00749E2E /* Main.storyboard */; };
		57FBDC382214773A00749E2E /* run.xcdatamodeld in Sources */ = {isa = PBXBuildFile; fileRef = 57FBDC362214773A00749E2E /* run.xcdatamodeld */; };
		57FBDC3D2214773A00749E2E /* LaunchScreen.storyboard in Resources */ = {isa = PBXBuildFile; fileRef = 57FBDC3B2214773A00749E2E /* LaunchScreen.storyboard */; };
		57FBDC4822147A0500749E2E /* launchScreen.swift in Sources */ = {isa = PBXBuildFile; fileRef = 57FBDC4722147A0500749E2E /* launchScreen.swift */; };
		6343A2B733467D88513B202E /* Pods_run.framework in Frameworks */ = {isa = PBXBuildFile; fileRef = C0E864C43CA0381416B86442 /* Pods_run.framework */; };
/* End PBXBuildFile section */

/* Begin PBXFileReference section */
		12305F140EFF69165C924472 /* Pods-run.release.xcconfig */ = {isa = PBXFileReference; includeInIndex = 1; lastKnownFileType = text.xcconfig; name = "Pods-run.release.xcconfig"; path = "Pods/Target Support Files/Pods-run/Pods-run.release.xcconfig"; sourceTree = "<group>"; };
		5702975922154218000F7EA6 /* Runner.mp4 */ = {isa = PBXFileReference; lastKnownFileType = file; path = Runner.mp4; sourceTree = "<group>"; };
		574237F12218972800169C01 /* welcomeProfile.swift */ = {isa = PBXFileReference; lastKnownFileType = sourcecode.swift; path = welcomeProfile.swift; sourceTree = "<group>"; };
		574237F322189EC600169C01 /* Gif.swift */ = {isa = PBXFileReference; fileEncoding = 4; lastKnownFileType = sourcecode.swift; path = Gif.swift; sourceTree = "<group>"; };
		574237F92218A35700169C01 /* welcomeCartoon.gif */ = {isa = PBXFileReference; lastKnownFileType = image.gif; path = welcomeCartoon.gif; sourceTree = "<group>"; };
		57631F0622196B0400AB54BF /* WelcomeRun.json */ = {isa = PBXFileReference; fileEncoding = 4; lastKnownFileType = text.json; path = WelcomeRun.json; sourceTree = "<group>"; };
		5777D109221B06170015FF9C /* runViewController.swift */ = {isa = PBXFileReference; lastKnownFileType = sourcecode.swift; path = runViewController.swift; sourceTree = "<group>"; };
		577BB398221AD4D400E67D47 /* textField.swift */ = {isa = PBXFileReference; lastKnownFileType = sourcecode.swift; path = textField.swift; sourceTree = "<group>"; };
		57B1BE9C221861FA00A457AA /* Assets.xcassets */ = {isa = PBXFileReference; lastKnownFileType = folder.assetcatalog; path = Assets.xcassets; sourceTree = "<group>"; };
		57FBDC2C2214773A00749E2E /* run.app */ = {isa = PBXFileReference; explicitFileType = wrapper.application; includeInIndex = 0; path = run.app; sourceTree = BUILT_PRODUCTS_DIR; };
		57FBDC2F2214773A00749E2E /* AppDelegate.swift */ = {isa = PBXFileReference; lastKnownFileType = sourcecode.swift; path = AppDelegate.swift; sourceTree = "<group>"; };
		57FBDC342214773A00749E2E /* Base */ = {isa = PBXFileReference; lastKnownFileType = file.storyboard; name = Base; path = Base.lproj/Main.storyboard; sourceTree = "<group>"; };
		57FBDC372214773A00749E2E /* run.xcdatamodel */ = {isa = PBXFileReference; lastKnownFileType = wrapper.xcdatamodel; path = run.xcdatamodel; sourceTree = "<group>"; };
		57FBDC3C2214773A00749E2E /* Base */ = {isa = PBXFileReference; lastKnownFileType = file.storyboard; name = Base; path = Base.lproj/LaunchScreen.storyboard; sourceTree = "<group>"; };
		57FBDC3E2214773A00749E2E /* Info.plist */ = {isa = PBXFileReference; lastKnownFileType = text.plist.xml; path = Info.plist; sourceTree = "<group>"; };
		57FBDC4722147A0500749E2E /* launchScreen.swift */ = {isa = PBXFileReference; lastKnownFileType = sourcecode.swift; path = launchScreen.swift; sourceTree = "<group>"; };
		A9B7922DC6BCFAF4D8ED6CB1 /* Pods-run.debug.xcconfig */ = {isa = PBXFileReference; includeInIndex = 1; lastKnownFileType = text.xcconfig; name = "Pods-run.debug.xcconfig"; path = "Pods/Target Support Files/Pods-run/Pods-run.debug.xcconfig"; sourceTree = "<group>"; };
		C0E864C43CA0381416B86442 /* Pods_run.framework */ = {isa = PBXFileReference; explicitFileType = wrapper.framework; includeInIndex = 0; path = Pods_run.framework; sourceTree = BUILT_PRODUCTS_DIR; };
/* End PBXFileReference section */

/* Begin PBXFrameworksBuildPhase section */
		57FBDC292214773A00749E2E /* Frameworks */ = {
			isa = PBXFrameworksBuildPhase;
			buildActionMask = 2147483647;
			files = (
				6343A2B733467D88513B202E /* Pods_run.framework in Frameworks */,
			);
			runOnlyForDeploymentPostprocessing = 0;
		};
/* End PBXFrameworksBuildPhase section */

/* Begin PBXGroup section */
		57631F0822196B6800AB54BF /* onBoarding */ = {
			isa = PBXGroup;
			children = (
				57FBDC4722147A0500749E2E /* launchScreen.swift */,
				574237F12218972800169C01 /* welcomeProfile.swift */,
			);
			name = onBoarding;
			sourceTree = "<group>";
		};
		5777D108221AFF980015FF9C /* main */ = {
			isa = PBXGroup;
			children = (
				5777D109221B06170015FF9C /* runViewController.swift */,
			);
			name = main;
			sourceTree = "<group>";
		};
		577BB397221AD4A600E67D47 /* extensions */ = {
			isa = PBXGroup;
			children = (
				574237F322189EC600169C01 /* Gif.swift */,
				577BB398221AD4D400E67D47 /* textField.swift */,
			);
			name = extensions;
			sourceTree = "<group>";
		};
		579EB60A22167F6400DEE57B /* media */ = {
			isa = PBXGroup;
			children = (
				5702975922154218000F7EA6 /* Runner.mp4 */,
			);
			name = media;
			sourceTree = "<group>";
		};
		57FBDC232214773A00749E2E = {
			isa = PBXGroup;
			children = (
				57FBDC2E2214773A00749E2E /* run */,
				57FBDC2D2214773A00749E2E /* Products */,
				70F5A33C465F6BAD91F45BCE /* Pods */,
				9765EBC0E8E8AD65FD7307C2 /* Frameworks */,
			);
			sourceTree = "<group>";
		};
		57FBDC2D2214773A00749E2E /* Products */ = {
			isa = PBXGroup;
			children = (
				57FBDC2C2214773A00749E2E /* run.app */,
			);
			name = Products;
			sourceTree = "<group>";
		};
		57FBDC2E2214773A00749E2E /* run */ = {
			isa = PBXGroup;
			children = (
				5777D108221AFF980015FF9C /* main */,
				57631F0822196B6800AB54BF /* onBoarding */,
				579EB60A22167F6400DEE57B /* media */,
				57FBDC46221479C700749E2E /* aeFiles */,
				57FBDC2F2214773A00749E2E /* AppDelegate.swift */,
				57B1BE9C221861FA00A457AA /* Assets.xcassets */,
				57FBDC332214773A00749E2E /* Main.storyboard */,
				57FBDC3B2214773A00749E2E /* LaunchScreen.storyboard */,
				57FBDC3E2214773A00749E2E /* Info.plist */,
				57FBDC362214773A00749E2E /* run.xcdatamodeld */,
				577BB397221AD4A600E67D47 /* extensions */,
			);
			path = run;
			sourceTree = "<group>";
		};
		57FBDC46221479C700749E2E /* aeFiles */ = {
			isa = PBXGroup;
			children = (
				57631F0622196B0400AB54BF /* WelcomeRun.json */,
				574237F92218A35700169C01 /* welcomeCartoon.gif */,
			);
			name = aeFiles;
			sourceTree = "<group>";
		};
		70F5A33C465F6BAD91F45BCE /* Pods */ = {
			isa = PBXGroup;
			children = (
				A9B7922DC6BCFAF4D8ED6CB1 /* Pods-run.debug.xcconfig */,
				12305F140EFF69165C924472 /* Pods-run.release.xcconfig */,
			);
			name = Pods;
			sourceTree = "<group>";
		};
		9765EBC0E8E8AD65FD7307C2 /* Frameworks */ = {
			isa = PBXGroup;
			children = (
				C0E864C43CA0381416B86442 /* Pods_run.framework */,
			);
			name = Frameworks;
			sourceTree = "<group>";
		};
/* End PBXGroup section */

/* Begin PBXNativeTarget section */
		57FBDC2B2214773A00749E2E /* run */ = {
			isa = PBXNativeTarget;
			buildConfigurationList = 57FBDC412214773A00749E2E /* Build configuration list for PBXNativeTarget "run" */;
			buildPhases = (
				84577979BC72D37BF932738A /* [CP] Check Pods Manifest.lock */,
				57FBDC282214773A00749E2E /* Sources */,
				57FBDC292214773A00749E2E /* Frameworks */,
				57FBDC2A2214773A00749E2E /* Resources */,
				41D51DAE2B2FAFF8C021B988 /* [CP] Embed Pods Frameworks */,
			);
			buildRules = (
			);
			dependencies = (
			);
			name = run;
			productName = run;
			productReference = 57FBDC2C2214773A00749E2E /* run.app */;
			productType = "com.apple.product-type.application";
		};
/* End PBXNativeTarget section */

/* Begin PBXProject section */
		57FBDC242214773A00749E2E /* Project object */ = {
			isa = PBXProject;
			attributes = {
				LastSwiftUpdateCheck = 1010;
				LastUpgradeCheck = 1010;
				ORGANIZATIONNAME = "Yeo Chun Sheng Joel";
				TargetAttributes = {
					57FBDC2B2214773A00749E2E = {
						CreatedOnToolsVersion = 10.1;
					};
				};
			};
			buildConfigurationList = 57FBDC272214773A00749E2E /* Build configuration list for PBXProject "run" */;
			compatibilityVersion = "Xcode 9.3";
			developmentRegion = en;
			hasScannedForEncodings = 0;
			knownRegions = (
				en,
				Base,
			);
			mainGroup = 57FBDC232214773A00749E2E;
			productRefGroup = 57FBDC2D2214773A00749E2E /* Products */;
			projectDirPath = "";
			projectRoot = "";
			targets = (
				57FBDC2B2214773A00749E2E /* run */,
			);
		};
/* End PBXProject section */

/* Begin PBXResourcesBuildPhase section */
		57FBDC2A2214773A00749E2E /* Resources */ = {
			isa = PBXResourcesBuildPhase;
			buildActionMask = 2147483647;
			files = (
				57631F0722196B0400AB54BF /* WelcomeRun.json in Resources */,
				57FBDC3D2214773A00749E2E /* LaunchScreen.storyboard in Resources */,
				5702975A22154218000F7EA6 /* Runner.mp4 in Resources */,
				57B1BE9D221861FB00A457AA /* Assets.xcassets in Resources */,
				574237FA2218A35700169C01 /* welcomeCartoon.gif in Resources */,
				57FBDC352214773A00749E2E /* Main.storyboard in Resources */,
			);
			runOnlyForDeploymentPostprocessing = 0;
		};
/* End PBXResourcesBuildPhase section */

/* Begin PBXShellScriptBuildPhase section */
		41D51DAE2B2FAFF8C021B988 /* [CP] Embed Pods Frameworks */ = {
			isa = PBXShellScriptBuildPhase;
			buildActionMask = 2147483647;
			files = (
			);
			inputFileListPaths = (
			);
			inputPaths = (
				"${SRCROOT}/Pods/Target Support Files/Pods-run/Pods-run-frameworks.sh",
				"${BUILT_PRODUCTS_DIR}/lottie-ios/Lottie.framework",
			);
			name = "[CP] Embed Pods Frameworks";
			outputFileListPaths = (
			);
			outputPaths = (
				"${TARGET_BUILD_DIR}/${FRAMEWORKS_FOLDER_PATH}/Lottie.framework",
			);
			runOnlyForDeploymentPostprocessing = 0;
			shellPath = /bin/sh;
			shellScript = "\"${SRCROOT}/Pods/Target Support Files/Pods-run/Pods-run-frameworks.sh\"\n";
			showEnvVarsInLog = 0;
		};
		84577979BC72D37BF932738A /* [CP] Check Pods Manifest.lock */ = {
			isa = PBXShellScriptBuildPhase;
			buildActionMask = 2147483647;
			files = (
			);
			inputFileListPaths = (
			);
			inputPaths = (
				"${PODS_PODFILE_DIR_PATH}/Podfile.lock",
				"${PODS_ROOT}/Manifest.lock",
			);
			name = "[CP] Check Pods Manifest.lock";
			outputFileListPaths = (
			);
			outputPaths = (
				"$(DERIVED_FILE_DIR)/Pods-run-checkManifestLockResult.txt",
			);
			runOnlyForDeploymentPostprocessing = 0;
			shellPath = /bin/sh;
			shellScript = "diff \"${PODS_PODFILE_DIR_PATH}/Podfile.lock\" \"${PODS_ROOT}/Manifest.lock\" > /dev/null\nif [ $? != 0 ] ; then\n    # print error to STDERR\n    echo \"error: The sandbox is not in sync with the Podfile.lock. Run 'pod install' or update your CocoaPods installation.\" >&2\n    exit 1\nfi\n# This output is used by Xcode 'outputs' to avoid re-running this script phase.\necho \"SUCCESS\" > \"${SCRIPT_OUTPUT_FILE_0}\"\n";
			showEnvVarsInLog = 0;
		};
/* End PBXShellScriptBuildPhase section */

/* Begin PBXSourcesBuildPhase section */
		57FBDC282214773A00749E2E /* Sources */ = {
			isa = PBXSourcesBuildPhase;
			buildActionMask = 2147483647;
			files = (
				574237F22218972800169C01 /* welcomeProfile.swift in Sources */,
				57FBDC4822147A0500749E2E /* launchScreen.swift in Sources */,
				5777D10A221B06170015FF9C /* runViewController.swift in Sources */,
				57FBDC382214773A00749E2E /* run.xcdatamodeld in Sources */,
				577BB399221AD4D400E67D47 /* textField.swift in Sources */,
				57FBDC302214773A00749E2E /* AppDelegate.swift in Sources */,
				574237F422189EC600169C01 /* Gif.swift in Sources */,
			);
			runOnlyForDeploymentPostprocessing = 0;
		};
/* End PBXSourcesBuildPhase section */

/* Begin PBXVariantGroup section */
		57FBDC332214773A00749E2E /* Main.storyboard */ = {
			isa = PBXVariantGroup;
			children = (
				57FBDC342214773A00749E2E /* Base */,
			);
			name = Main.storyboard;
			sourceTree = "<group>";
		};
		57FBDC3B2214773A00749E2E /* LaunchScreen.storyboard */ = {
			isa = PBXVariantGroup;
			children = (
				57FBDC3C2214773A00749E2E /* Base */,
			);
			name = LaunchScreen.storyboard;
			sourceTree = "<group>";
		};
/* End PBXVariantGroup section */

/* Begin XCBuildConfiguration section */
		57FBDC3F2214773A00749E2E /* Debug */ = {
			isa = XCBuildConfiguration;
			buildSettings = {
				ALWAYS_SEARCH_USER_PATHS = NO;
				CLANG_ANALYZER_NONNULL = YES;
				CLANG_ANALYZER_NUMBER_OBJECT_CONVERSION = YES_AGGRESSIVE;
				CLANG_CXX_LANGUAGE_STANDARD = "gnu++14";
				CLANG_CXX_LIBRARY = "libc++";
				CLANG_ENABLE_MODULES = YES;
				CLANG_ENABLE_OBJC_ARC = YES;
				CLANG_ENABLE_OBJC_WEAK = YES;
				CLANG_WARN_BLOCK_CAPTURE_AUTORELEASING = YES;
				CLANG_WARN_BOOL_CONVERSION = YES;
				CLANG_WARN_COMMA = YES;
				CLANG_WARN_CONSTANT_CONVERSION = YES;
				CLANG_WARN_DEPRECATED_OBJC_IMPLEMENTATIONS = YES;
				CLANG_WARN_DIRECT_OBJC_ISA_USAGE = YES_ERROR;
				CLANG_WARN_DOCUMENTATION_COMMENTS = YES;
				CLANG_WARN_EMPTY_BODY = YES;
				CLANG_WARN_ENUM_CONVERSION = YES;
				CLANG_WARN_INFINITE_RECURSION = YES;
				CLANG_WARN_INT_CONVERSION = YES;
				CLANG_WARN_NON_LITERAL_NULL_CONVERSION = YES;
				CLANG_WARN_OBJC_IMPLICIT_RETAIN_SELF = YES;
				CLANG_WARN_OBJC_LITERAL_CONVERSION = YES;
				CLANG_WARN_OBJC_ROOT_CLASS = YES_ERROR;
				CLANG_WARN_RANGE_LOOP_ANALYSIS = YES;
				CLANG_WARN_STRICT_PROTOTYPES = YES;
				CLANG_WARN_SUSPICIOUS_MOVE = YES;
				CLANG_WARN_UNGUARDED_AVAILABILITY = YES_AGGRESSIVE;
				CLANG_WARN_UNREACHABLE_CODE = YES;
				CLANG_WARN__DUPLICATE_METHOD_MATCH = YES;
				CODE_SIGN_IDENTITY = "iPhone Developer";
				COPY_PHASE_STRIP = NO;
				DEBUG_INFORMATION_FORMAT = dwarf;
				ENABLE_STRICT_OBJC_MSGSEND = YES;
				ENABLE_TESTABILITY = YES;
				GCC_C_LANGUAGE_STANDARD = gnu11;
				GCC_DYNAMIC_NO_PIC = NO;
				GCC_NO_COMMON_BLOCKS = YES;
				GCC_OPTIMIZATION_LEVEL = 0;
				GCC_PREPROCESSOR_DEFINITIONS = (
					"DEBUG=1",
					"$(inherited)",
				);
				GCC_WARN_64_TO_32_BIT_CONVERSION = YES;
				GCC_WARN_ABOUT_RETURN_TYPE = YES_ERROR;
				GCC_WARN_UNDECLARED_SELECTOR = YES;
				GCC_WARN_UNINITIALIZED_AUTOS = YES_AGGRESSIVE;
				GCC_WARN_UNUSED_FUNCTION = YES;
				GCC_WARN_UNUSED_VARIABLE = YES;
				IPHONEOS_DEPLOYMENT_TARGET = 12.1;
				MTL_ENABLE_DEBUG_INFO = INCLUDE_SOURCE;
				MTL_FAST_MATH = YES;
				ONLY_ACTIVE_ARCH = YES;
				SDKROOT = iphoneos;
				SWIFT_ACTIVE_COMPILATION_CONDITIONS = DEBUG;
				SWIFT_OPTIMIZATION_LEVEL = "-Onone";
			};
			name = Debug;
		};
		57FBDC402214773A00749E2E /* Release */ = {
			isa = XCBuildConfiguration;
			buildSettings = {
				ALWAYS_SEARCH_USER_PATHS = NO;
				CLANG_ANALYZER_NONNULL = YES;
				CLANG_ANALYZER_NUMBER_OBJECT_CONVERSION = YES_AGGRESSIVE;
				CLANG_CXX_LANGUAGE_STANDARD = "gnu++14";
				CLANG_CXX_LIBRARY = "libc++";
				CLANG_ENABLE_MODULES = YES;
				CLANG_ENABLE_OBJC_ARC = YES;
				CLANG_ENABLE_OBJC_WEAK = YES;
				CLANG_WARN_BLOCK_CAPTURE_AUTORELEASING = YES;
				CLANG_WARN_BOOL_CONVERSION = YES;
				CLANG_WARN_COMMA = YES;
				CLANG_WARN_CONSTANT_CONVERSION = YES;
				CLANG_WARN_DEPRECATED_OBJC_IMPLEMENTATIONS = YES;
				CLANG_WARN_DIRECT_OBJC_ISA_USAGE = YES_ERROR;
				CLANG_WARN_DOCUMENTATION_COMMENTS = YES;
				CLANG_WARN_EMPTY_BODY = YES;
				CLANG_WARN_ENUM_CONVERSION = YES;
				CLANG_WARN_INFINITE_RECURSION = YES;
				CLANG_WARN_INT_CONVERSION = YES;
				CLANG_WARN_NON_LITERAL_NULL_CONVERSION = YES;
				CLANG_WARN_OBJC_IMPLICIT_RETAIN_SELF = YES;
				CLANG_WARN_OBJC_LITERAL_CONVERSION = YES;
				CLANG_WARN_OBJC_ROOT_CLASS = YES_ERROR;
				CLANG_WARN_RANGE_LOOP_ANALYSIS = YES;
				CLANG_WARN_STRICT_PROTOTYPES = YES;
				CLANG_WARN_SUSPICIOUS_MOVE = YES;
				CLANG_WARN_UNGUARDED_AVAILABILITY = YES_AGGRESSIVE;
				CLANG_WARN_UNREACHABLE_CODE = YES;
				CLANG_WARN__DUPLICATE_METHOD_MATCH = YES;
				CODE_SIGN_IDENTITY = "iPhone Developer";
				COPY_PHASE_STRIP = NO;
				DEBUG_INFORMATION_FORMAT = "dwarf-with-dsym";
				ENABLE_NS_ASSERTIONS = NO;
				ENABLE_STRICT_OBJC_MSGSEND = YES;
				GCC_C_LANGUAGE_STANDARD = gnu11;
				GCC_NO_COMMON_BLOCKS = YES;
				GCC_WARN_64_TO_32_BIT_CONVERSION = YES;
				GCC_WARN_ABOUT_RETURN_TYPE = YES_ERROR;
				GCC_WARN_UNDECLARED_SELECTOR = YES;
				GCC_WARN_UNINITIALIZED_AUTOS = YES_AGGRESSIVE;
				GCC_WARN_UNUSED_FUNCTION = YES;
				GCC_WARN_UNUSED_VARIABLE = YES;
				IPHONEOS_DEPLOYMENT_TARGET = 12.1;
				MTL_ENABLE_DEBUG_INFO = NO;
				MTL_FAST_MATH = YES;
				SDKROOT = iphoneos;
				SWIFT_COMPILATION_MODE = wholemodule;
				SWIFT_OPTIMIZATION_LEVEL = "-O";
				VALIDATE_PRODUCT = YES;
			};
			name = Release;
		};
		57FBDC422214773A00749E2E /* Debug */ = {
			isa = XCBuildConfiguration;
			baseConfigurationReference = A9B7922DC6BCFAF4D8ED6CB1 /* Pods-run.debug.xcconfig */;
			buildSettings = {
				ASSETCATALOG_COMPILER_APPICON_NAME = AppIcon;
				CODE_SIGN_STYLE = Automatic;
				INFOPLIST_FILE = run/Info.plist;
				LD_RUNPATH_SEARCH_PATHS = (
					"$(inherited)",
					"@executable_path/Frameworks",
				);
				PRODUCT_BUNDLE_IDENTIFIER = joel.run;
				PRODUCT_NAME = "$(TARGET_NAME)";
				SWIFT_VERSION = 4.2;
				TARGETED_DEVICE_FAMILY = "1,2";
			};
			name = Debug;
		};
		57FBDC432214773A00749E2E /* Release */ = {
			isa = XCBuildConfiguration;
			baseConfigurationReference = 12305F140EFF69165C924472 /* Pods-run.release.xcconfig */;
			buildSettings = {
				ASSETCATALOG_COMPILER_APPICON_NAME = AppIcon;
				CODE_SIGN_STYLE = Automatic;
				INFOPLIST_FILE = run/Info.plist;
				LD_RUNPATH_SEARCH_PATHS = (
					"$(inherited)",
					"@executable_path/Frameworks",
				);
				PRODUCT_BUNDLE_IDENTIFIER = joel.run;
				PRODUCT_NAME = "$(TARGET_NAME)";
				SWIFT_VERSION = 4.2;
				TARGETED_DEVICE_FAMILY = "1,2";
			};
			name = Release;
		};
/* End XCBuildConfiguration section */

/* Begin XCConfigurationList section */
		57FBDC272214773A00749E2E /* Build configuration list for PBXProject "run" */ = {
			isa = XCConfigurationList;
			buildConfigurations = (
				57FBDC3F2214773A00749E2E /* Debug */,
				57FBDC402214773A00749E2E /* Release */,
			);
			defaultConfigurationIsVisible = 0;
			defaultConfigurationName = Release;
		};
		57FBDC412214773A00749E2E /* Build configuration list for PBXNativeTarget "run" */ = {
			isa = XCConfigurationList;
			buildConfigurations = (
				57FBDC422214773A00749E2E /* Debug */,
				57FBDC432214773A00749E2E /* Release */,
			);
			defaultConfigurationIsVisible = 0;
			defaultConfigurationName = Release;
		};
/* End XCConfigurationList section */

/* Begin XCVersionGroup section */
		57FBDC362214773A00749E2E /* run.xcdatamodeld */ = {
			isa = XCVersionGroup;
			children = (
				57FBDC372214773A00749E2E /* run.xcdatamodel */,
			);
			currentVersion = 57FBDC372214773A00749E2E /* run.xcdatamodel */;
			path = run.xcdatamodeld;
			sourceTree = "<group>";
			versionGroupType = wrapper.xcdatamodel;
		};
/* End XCVersionGroup section */
	};
	rootObject = 57FBDC242214773A00749E2E /* Project object */;
}
